
Microsoft Visual Studio Solution File, Format Version 12.00
# Visual Studio Version 17
VisualStudioVersion = 17.12.35527.113
MinimumVisualStudioVersion = 10.0.40219.1
Project("{FAE04EC0-301F-11D3-BF4B-00C04F79EFBC}") = "ElasticsearchAsyncEnumerable", "ElasticSearchAsyncEnumerable\ElasticsearchAsyncEnumerable.csproj", "{38D4093E-7864-4418-B503-3D005EED25F1}"
EndProject
Project("{FAE04EC0-301F-11D3-BF4B-00C04F79EFBC}") = "ElasticsearchAsyncEnumerable.Tests", "ElasticSearchAsyncEnumerable.Tests\ElasticsearchAsyncEnumerable.Tests.csproj", "{2DD658E1-DCA2-4D9F-B45E-0A55DA51CF6F}"
EndProject
Project("{FAE04EC0-301F-11D3-BF4B-00C04F79EFBC}") = "WebApplication", "WebApplication\WebApplication.csproj", "{4B9946CD-7B77-4574-8E63-BA2E0A848547}"
EndProject
Project("{FAE04EC0-301F-11D3-BF4B-00C04F79EFBC}") = "WebApplication.Tests", "WebApplication.Tests\WebApplication.Tests.csproj", "{DD9904FE-6EDE-4EBD-AD6B-835599D94211}"
EndProject
Project("{2150E333-8FDC-42A3-9474-1A3956D46DE8}") = "_Support", "_Support", "{CA358F8E-F560-4ED7-876D-FFB2684A2FB6}"
	ProjectSection(SolutionItems) = preProject
		docker-compose.yaml = docker-compose.yaml
	EndProjectSection
EndProject
Global
	GlobalSection(SolutionConfigurationPlatforms) = preSolution
		Debug|Any CPU = Debug|Any CPU
		Release|Any CPU = Release|Any CPU
	EndGlobalSection
	GlobalSection(ProjectConfigurationPlatforms) = postSolution
		{38D4093E-7864-4418-B503-3D005EED25F1}.Debug|Any CPU.ActiveCfg = Debug|Any CPU
		{38D4093E-7864-4418-B503-3D005EED25F1}.Debug|Any CPU.Build.0 = Debug|Any CPU
		{38D4093E-7864-4418-B503-3D005EED25F1}.Release|Any CPU.ActiveCfg = Release|Any CPU
		{38D4093E-7864-4418-B503-3D005EED25F1}.Release|Any CPU.Build.0 = Release|Any CPU
		{2DD658E1-DCA2-4D9F-B45E-0A55DA51CF6F}.Debug|Any CPU.ActiveCfg = Debug|Any CPU
		{2DD658E1-DCA2-4D9F-B45E-0A55DA51CF6F}.Debug|Any CPU.Build.0 = Debug|Any CPU
		{2DD658E1-DCA2-4D9F-B45E-0A55DA51CF6F}.Release|Any CPU.ActiveCfg = Release|Any CPU
		{2DD658E1-DCA2-4D9F-B45E-0A55DA51CF6F}.Release|Any CPU.Build.0 = Release|Any CPU
		{4B9946CD-7B77-4574-8E63-BA2E0A848547}.Debug|Any CPU.ActiveCfg = Debug|Any CPU
		{4B9946CD-7B77-4574-8E63-BA2E0A848547}.Debug|Any CPU.Build.0 = Debug|Any CPU
		{4B9946CD-7B77-4574-8E63-BA2E0A848547}.Release|Any CPU.ActiveCfg = Release|Any CPU
		{4B9946CD-7B77-4574-8E63-BA2E0A848547}.Release|Any CPU.Build.0 = Release|Any CPU
		{DD9904FE-6EDE-4EBD-AD6B-835599D94211}.Debug|Any CPU.ActiveCfg = Debug|Any CPU
		{DD9904FE-6EDE-4EBD-AD6B-835599D94211}.Debug|Any CPU.Build.0 = Debug|Any CPU
		{DD9904FE-6EDE-4EBD-AD6B-835599D94211}.Release|Any CPU.ActiveCfg = Release|Any CPU
		{DD9904FE-6EDE-4EBD-AD6B-835599D94211}.Release|Any CPU.Build.0 = Release|Any CPU
	EndGlobalSection
	GlobalSection(SolutionProperties) = preSolution
		HideSolutionNode = FALSE
	EndGlobalSection
EndGlobal
